
Microsoft Visual Studio Solution File, Format Version 12.00
# Visual Studio Version 17
VisualStudioVersion = 17.14.36301.6
MinimumVisualStudioVersion = 10.0.40219.1
Project("{FAE04EC0-301F-11D3-BF4B-00C04F79EFBC}") = "ContextBrowser", "ContextBrowser\ContextBrowser.csproj", "{7A0E030E-4101-0D13-8633-357F89DC30BC}"
EndProject
Project("{FAE04EC0-301F-11D3-BF4B-00C04F79EFBC}") = "ContextSamples", "ContextSamples\ContextSamples.csproj", "{7C6D3B1E-77E1-43B6-BE99-6FD1BF5F3729}"
EndProject
Project("{2150E333-8FDC-42A3-9474-1A3956D46DE8}") = "Kits", "Kits", "{8EC462FD-D22E-90A8-E5CE-7E832BA40C5D}"
	ProjectSection(SolutionItems) = preProject
		Kits\readme.md = Kits\readme.md
	EndProjectSection
EndProject
Project("{FAE04EC0-301F-11D3-BF4B-00C04F79EFBC}") = "UmlKit", "Kits\UmlKit\UmlKit.csproj", "{AAC8A2C3-D753-55CE-BB4B-6C09CB8B5595}"
EndProject
Project("{FAE04EC0-301F-11D3-BF4B-00C04F79EFBC}") = "RoslynKit", "Kits\RoslynKit\RoslynKit.csproj", "{228A6472-C4DB-8954-8C1C-202B527247CE}"
EndProject
Project("{FAE04EC0-301F-11D3-BF4B-00C04F79EFBC}") = "LoggerKit", "Kits\LoggerKit\LoggerKit.csproj", "{157A5D79-B39F-4E89-73E6-518E63BBD7C4}"
EndProject
Project("{FAE04EC0-301F-11D3-BF4B-00C04F79EFBC}") = "HtmlKit", "Kits\HtmlKit\HtmlKit.csproj", "{197A3642-6E1C-C953-FC3C-40EFBD6A6503}"
EndProject
Project("{FAE04EC0-301F-11D3-BF4B-00C04F79EFBC}") = "GraphKit", "Kits\GraphKit\GraphKit.csproj", "{7DCE0B76-8D85-E238-6C93-8D4C22AE089D}"
EndProject
Project("{FAE04EC0-301F-11D3-BF4B-00C04F79EFBC}") = "ContextKit", "Kits\ContextKit\ContextKit.csproj", "{B38D4302-2D86-C566-C667-37D965ABB7E0}"
EndProject
Project("{FAE04EC0-301F-11D3-BF4B-00C04F79EFBC}") = "ContextBrowserKit", "Kits\ContextBrowserKit\ContextBrowserKit.csproj", "{FBC2FA5C-B6C6-1C24-AD85-1A5CE56924CF}"
EndProject
Project("{FAE04EC0-301F-11D3-BF4B-00C04F79EFBC}") = "CommandlineKit", "Kits\CommandlineKit\CommandlineKit.csproj", "{91B26F9C-C874-B012-3CC6-F2DCB2184B15}"
EndProject
Project("{FAE04EC0-301F-11D3-BF4B-00C04F79EFBC}") = "ExporterKit", "Kits\ExporterKit\ExporterKit.csproj", "{94A22A26-CBD0-E855-CF79-F46EA6F6DCE9}"
EndProject
Global
	GlobalSection(SolutionConfigurationPlatforms) = preSolution
		Debug|Any CPU = Debug|Any CPU
		Release|Any CPU = Release|Any CPU
	EndGlobalSection
	GlobalSection(ProjectConfigurationPlatforms) = postSolution
		{7A0E030E-4101-0D13-8633-357F89DC30BC}.Debug|Any CPU.ActiveCfg = Debug|Any CPU
		{7A0E030E-4101-0D13-8633-357F89DC30BC}.Debug|Any CPU.Build.0 = Debug|Any CPU
		{7A0E030E-4101-0D13-8633-357F89DC30BC}.Release|Any CPU.ActiveCfg = Release|Any CPU
		{7A0E030E-4101-0D13-8633-357F89DC30BC}.Release|Any CPU.Build.0 = Release|Any CPU
		{7C6D3B1E-77E1-43B6-BE99-6FD1BF5F3729}.Debug|Any CPU.ActiveCfg = Debug|Any CPU
		{7C6D3B1E-77E1-43B6-BE99-6FD1BF5F3729}.Debug|Any CPU.Build.0 = Debug|Any CPU
		{7C6D3B1E-77E1-43B6-BE99-6FD1BF5F3729}.Release|Any CPU.ActiveCfg = Release|Any CPU
		{7C6D3B1E-77E1-43B6-BE99-6FD1BF5F3729}.Release|Any CPU.Build.0 = Release|Any CPU
		{AAC8A2C3-D753-55CE-BB4B-6C09CB8B5595}.Debug|Any CPU.ActiveCfg = Debug|Any CPU
		{AAC8A2C3-D753-55CE-BB4B-6C09CB8B5595}.Debug|Any CPU.Build.0 = Debug|Any CPU
		{AAC8A2C3-D753-55CE-BB4B-6C09CB8B5595}.Release|Any CPU.ActiveCfg = Release|Any CPU
		{AAC8A2C3-D753-55CE-BB4B-6C09CB8B5595}.Release|Any CPU.Build.0 = Release|Any CPU
		{228A6472-C4DB-8954-8C1C-202B527247CE}.Debug|Any CPU.ActiveCfg = Debug|Any CPU
		{228A6472-C4DB-8954-8C1C-202B527247CE}.Debug|Any CPU.Build.0 = Debug|Any CPU
		{228A6472-C4DB-8954-8C1C-202B527247CE}.Release|Any CPU.ActiveCfg = Release|Any CPU
		{228A6472-C4DB-8954-8C1C-202B527247CE}.Release|Any CPU.Build.0 = Release|Any CPU
		{157A5D79-B39F-4E89-73E6-518E63BBD7C4}.Debug|Any CPU.ActiveCfg = Debug|Any CPU
		{157A5D79-B39F-4E89-73E6-518E63BBD7C4}.Debug|Any CPU.Build.0 = Debug|Any CPU
		{157A5D79-B39F-4E89-73E6-518E63BBD7C4}.Release|Any CPU.ActiveCfg = Release|Any CPU
		{157A5D79-B39F-4E89-73E6-518E63BBD7C4}.Release|Any CPU.Build.0 = Release|Any CPU
		{197A3642-6E1C-C953-FC3C-40EFBD6A6503}.Debug|Any CPU.ActiveCfg = Debug|Any CPU
		{197A3642-6E1C-C953-FC3C-40EFBD6A6503}.Debug|Any CPU.Build.0 = Debug|Any CPU
		{197A3642-6E1C-C953-FC3C-40EFBD6A6503}.Release|Any CPU.ActiveCfg = Release|Any CPU
		{197A3642-6E1C-C953-FC3C-40EFBD6A6503}.Release|Any CPU.Build.0 = Release|Any CPU
		{7DCE0B76-8D85-E238-6C93-8D4C22AE089D}.Debug|Any CPU.ActiveCfg = Debug|Any CPU
		{7DCE0B76-8D85-E238-6C93-8D4C22AE089D}.Debug|Any CPU.Build.0 = Debug|Any CPU
		{7DCE0B76-8D85-E238-6C93-8D4C22AE089D}.Release|Any CPU.ActiveCfg = Release|Any CPU
		{7DCE0B76-8D85-E238-6C93-8D4C22AE089D}.Release|Any CPU.Build.0 = Release|Any CPU
		{B38D4302-2D86-C566-C667-37D965ABB7E0}.Debug|Any CPU.ActiveCfg = Debug|Any CPU
		{B38D4302-2D86-C566-C667-37D965ABB7E0}.Debug|Any CPU.Build.0 = Debug|Any CPU
		{B38D4302-2D86-C566-C667-37D965ABB7E0}.Release|Any CPU.ActiveCfg = Release|Any CPU
		{B38D4302-2D86-C566-C667-37D965ABB7E0}.Release|Any CPU.Build.0 = Release|Any CPU
		{FBC2FA5C-B6C6-1C24-AD85-1A5CE56924CF}.Debug|Any CPU.ActiveCfg = Debug|Any CPU
		{FBC2FA5C-B6C6-1C24-AD85-1A5CE56924CF}.Debug|Any CPU.Build.0 = Debug|Any CPU
		{FBC2FA5C-B6C6-1C24-AD85-1A5CE56924CF}.Release|Any CPU.ActiveCfg = Release|Any CPU
		{FBC2FA5C-B6C6-1C24-AD85-1A5CE56924CF}.Release|Any CPU.Build.0 = Release|Any CPU
		{91B26F9C-C874-B012-3CC6-F2DCB2184B15}.Debug|Any CPU.ActiveCfg = Debug|Any CPU
		{91B26F9C-C874-B012-3CC6-F2DCB2184B15}.Debug|Any CPU.Build.0 = Debug|Any CPU
		{91B26F9C-C874-B012-3CC6-F2DCB2184B15}.Release|Any CPU.ActiveCfg = Release|Any CPU
		{91B26F9C-C874-B012-3CC6-F2DCB2184B15}.Release|Any CPU.Build.0 = Release|Any CPU
		{94A22A26-CBD0-E855-CF79-F46EA6F6DCE9}.Debug|Any CPU.ActiveCfg = Debug|Any CPU
		{94A22A26-CBD0-E855-CF79-F46EA6F6DCE9}.Debug|Any CPU.Build.0 = Debug|Any CPU
		{94A22A26-CBD0-E855-CF79-F46EA6F6DCE9}.Release|Any CPU.ActiveCfg = Release|Any CPU
		{94A22A26-CBD0-E855-CF79-F46EA6F6DCE9}.Release|Any CPU.Build.0 = Release|Any CPU
	EndGlobalSection
	GlobalSection(SolutionProperties) = preSolution
		HideSolutionNode = FALSE
	EndGlobalSection
	GlobalSection(NestedProjects) = preSolution
		{AAC8A2C3-D753-55CE-BB4B-6C09CB8B5595} = {8EC462FD-D22E-90A8-E5CE-7E832BA40C5D}
		{228A6472-C4DB-8954-8C1C-202B527247CE} = {8EC462FD-D22E-90A8-E5CE-7E832BA40C5D}
		{157A5D79-B39F-4E89-73E6-518E63BBD7C4} = {8EC462FD-D22E-90A8-E5CE-7E832BA40C5D}
		{197A3642-6E1C-C953-FC3C-40EFBD6A6503} = {8EC462FD-D22E-90A8-E5CE-7E832BA40C5D}
		{7DCE0B76-8D85-E238-6C93-8D4C22AE089D} = {8EC462FD-D22E-90A8-E5CE-7E832BA40C5D}
		{B38D4302-2D86-C566-C667-37D965ABB7E0} = {8EC462FD-D22E-90A8-E5CE-7E832BA40C5D}
		{FBC2FA5C-B6C6-1C24-AD85-1A5CE56924CF} = {8EC462FD-D22E-90A8-E5CE-7E832BA40C5D}
		{91B26F9C-C874-B012-3CC6-F2DCB2184B15} = {8EC462FD-D22E-90A8-E5CE-7E832BA40C5D}
		{94A22A26-CBD0-E855-CF79-F46EA6F6DCE9} = {8EC462FD-D22E-90A8-E5CE-7E832BA40C5D}
	EndGlobalSection
	GlobalSection(ExtensibilityGlobals) = postSolution
		SolutionGuid = {6F353DC5-7502-4F4A-95F6-8ED2B54A6512}
	EndGlobalSection
EndGlobal
